
Microsoft Visual Studio Solution File, Format Version 12.00
# Visual Studio 14
VisualStudioVersion = 14.0.23107.0
MinimumVisualStudioVersion = 10.0.40219.1
Project("{FAE04EC0-301F-11D3-BF4B-00C04F79EFBC}") = "ArticleSubmitTool.Web", "ArticleSubmitTool\ArticleSubmitTool.Web.csproj", "{A7F23948-F06F-40EA-B6B4-CAD0A4011C92}"
EndProject
Project("{FAE04EC0-301F-11D3-BF4B-00C04F79EFBC}") = "ArticleSubmitTool.Domain", "ArticleSubmitTool.Domain\ArticleSubmitTool.Domain.csproj", "{866321E5-3602-4BCB-980F-2199D1438A48}"
EndProject
Project("{FAE04EC0-301F-11D3-BF4B-00C04F79EFBC}") = "ArticleSubmitTool.Interfaces", "ArticleSubmitTool.Interfaces\ArticleSubmitTool.Interfaces.csproj", "{7DC8058E-C95B-4A8C-9327-8C6633DB2316}"
EndProject
Project("{FAE04EC0-301F-11D3-BF4B-00C04F79EFBC}") = "ArticleSubmitTool.Shared", "ArticleSubmitTool.Shared\ArticleSubmitTool.Shared.csproj", "{5512D0A1-7612-40D2-8730-76700B672D23}"
EndProject
Project("{FAE04EC0-301F-11D3-BF4B-00C04F79EFBC}") = "ArticleSubmitTool.Tests", "ArticleSubmitTool.Tests\ArticleSubmitTool.Tests.csproj", "{36DBD3F7-04AC-443A-BFB2-362BB018A4CC}"
EndProject
Global
	GlobalSection(SolutionConfigurationPlatforms) = preSolution
		Debug|Any CPU = Debug|Any CPU
		Release|Any CPU = Release|Any CPU
	EndGlobalSection
	GlobalSection(ProjectConfigurationPlatforms) = postSolution
		{A7F23948-F06F-40EA-B6B4-CAD0A4011C92}.Debug|Any CPU.ActiveCfg = Debug|Any CPU
		{A7F23948-F06F-40EA-B6B4-CAD0A4011C92}.Debug|Any CPU.Build.0 = Debug|Any CPU
		{A7F23948-F06F-40EA-B6B4-CAD0A4011C92}.Release|Any CPU.ActiveCfg = Release|Any CPU
		{A7F23948-F06F-40EA-B6B4-CAD0A4011C92}.Release|Any CPU.Build.0 = Release|Any CPU
		{866321E5-3602-4BCB-980F-2199D1438A48}.Debug|Any CPU.ActiveCfg = Debug|Any CPU
		{866321E5-3602-4BCB-980F-2199D1438A48}.Debug|Any CPU.Build.0 = Debug|Any CPU
		{866321E5-3602-4BCB-980F-2199D1438A48}.Release|Any CPU.ActiveCfg = Release|Any CPU
		{866321E5-3602-4BCB-980F-2199D1438A48}.Release|Any CPU.Build.0 = Release|Any CPU
		{7DC8058E-C95B-4A8C-9327-8C6633DB2316}.Debug|Any CPU.ActiveCfg = Debug|Any CPU
		{7DC8058E-C95B-4A8C-9327-8C6633DB2316}.Debug|Any CPU.Build.0 = Debug|Any CPU
		{7DC8058E-C95B-4A8C-9327-8C6633DB2316}.Release|Any CPU.ActiveCfg = Release|Any CPU
		{7DC8058E-C95B-4A8C-9327-8C6633DB2316}.Release|Any CPU.Build.0 = Release|Any CPU
		{5512D0A1-7612-40D2-8730-76700B672D23}.Debug|Any CPU.ActiveCfg = Debug|Any CPU
		{5512D0A1-7612-40D2-8730-76700B672D23}.Debug|Any CPU.Build.0 = Debug|Any CPU
		{5512D0A1-7612-40D2-8730-76700B672D23}.Release|Any CPU.ActiveCfg = Release|Any CPU
		{5512D0A1-7612-40D2-8730-76700B672D23}.Release|Any CPU.Build.0 = Release|Any CPU
		{36DBD3F7-04AC-443A-BFB2-362BB018A4CC}.Debug|Any CPU.ActiveCfg = Debug|Any CPU
		{36DBD3F7-04AC-443A-BFB2-362BB018A4CC}.Debug|Any CPU.Build.0 = Debug|Any CPU
		{36DBD3F7-04AC-443A-BFB2-362BB018A4CC}.Release|Any CPU.ActiveCfg = Release|Any CPU
		{36DBD3F7-04AC-443A-BFB2-362BB018A4CC}.Release|Any CPU.Build.0 = Release|Any CPU
	EndGlobalSection
	GlobalSection(SolutionProperties) = preSolution
		HideSolutionNode = FALSE
	EndGlobalSection
EndGlobal
